PODS:
  - GoogleMaps (7.4.0):
    - GoogleMaps/Maps (= 7.4.0)
  - GoogleMaps/Base (7.4.0)
  - GoogleMaps/Maps (7.4.0):
    - GoogleMaps/Base

DEPENDENCIES:
  - GoogleMaps

SPEC REPOS:
  trunk:
    - GoogleMaps

SPEC CHECKSUMS:
  GoogleMaps: 032f676450ba0779bd8ce16840690915f84e57ac

PODFILE CHECKSUM: 7318a556f40e1f0b8f6064bb65a2dcfd661c5cc5

COCOAPODS: 1.16.2
